%{
  "heap": {:hex, :heap, "3.0.0", "c6dbcd6e9a0b021432176e89cfd829dd065bd6c115981fdcd981a4251fff5fde", [:mix], [], "hexpm", "373eaca5787e2a2b009c42338e70414f590ceabcf96cfc786627ed762ad4dfc6"},
  "nimble_parsec": {:hex, :nimble_parsec, "1.4.0", "51f9b613ea62cfa97b25ccc2c1b4216e81df970acd8e16e8d1bdc58fef21370d", [:mix], [], "hexpm", "9c565862810fb383e9838c1dd2d7d2c437b3d13b267414ba6af33e50d2d1cf28"},
  "rbtree": {:hex, :rbtree, "0.1.6", "879252e571c606ab02219a95389e1d2f5a21de8bb15fa2709c1f5106dd50d05b", [:mix], [], "hexpm", "1505eb0c055dff4c2a5a5b6fbceeddddd19231ee7e410bb252dff7524652f7a1"},
}
